
Microsoft Visual Studio Solution File, Format Version 12.00
# Visual Studio Version 16
VisualStudioVersion = 16.0.31205.134
MinimumVisualStudioVersion = 10.0.40219.1
Project("{9A19103F-16F7-4668-BE54-9A1E7A4F7556}") = "StockTrackerAPI", "StockTrackerAPI\StockTrackerAPI.csproj", "{060E97B6-2C78-4064-A94D-7F611656B528}"
EndProject
Project("{FAE04EC0-301F-11D3-BF4B-00C04F79EFBC}") = "StockTests", "StockTests\StockTests.csproj", "{5040B1B2-4F73-439C-952D-37BABBF75F2D}"
EndProject
Global
	GlobalSection(SolutionConfigurationPlatforms) = preSolution
		Debug|Any CPU = Debug|Any CPU
		Release|Any CPU = Release|Any CPU
	EndGlobalSection
	GlobalSection(ProjectConfigurationPlatforms) = postSolution
		{060E97B6-2C78-4064-A94D-7F611656B528}.Debug|Any CPU.ActiveCfg = Debug|Any CPU
		{060E97B6-2C78-4064-A94D-7F611656B528}.Debug|Any CPU.Build.0 = Debug|Any CPU
		{060E97B6-2C78-4064-A94D-7F611656B528}.Release|Any CPU.ActiveCfg = Release|Any CPU
		{060E97B6-2C78-4064-A94D-7F611656B528}.Release|Any CPU.Build.0 = Release|Any CPU
		{5040B1B2-4F73-439C-952D-37BABBF75F2D}.Debug|Any CPU.ActiveCfg = Debug|Any CPU
		{5040B1B2-4F73-439C-952D-37BABBF75F2D}.Debug|Any CPU.Build.0 = Debug|Any CPU
		{5040B1B2-4F73-439C-952D-37BABBF75F2D}.Release|Any CPU.ActiveCfg = Release|Any CPU
		{5040B1B2-4F73-439C-952D-37BABBF75F2D}.Release|Any CPU.Build.0 = Release|Any CPU
	EndGlobalSection
	GlobalSection(SolutionProperties) = preSolution
		HideSolutionNode = FALSE
	EndGlobalSection
	GlobalSection(ExtensibilityGlobals) = postSolution
		SolutionGuid = {2A846273-CFA5-4D95-AD69-3DB7DFBB060E}
	EndGlobalSection
EndGlobal
